// !$*UTF8*$!
{
	archiveVersion = 1;
	classes = {
	};
	objectVersion = 46;
	objects = {
		D7BA7D76DAB5DD13389D6332 = {
			buildActionMask = 2147483647;
			files = (
				);
			generatedFileNames = (
				);
			isa = PBXShellScriptBuildPhase;
			name = "Qt Qmake";
			neededFileNames = (
				);
			shellPath = "/bin/sh";
			shellScript = "make\ -C\ /Users/rohanraja/Dropbox/OpenSoft2015/3dgraph/qt3dLib/src/plotter3d/graphics\ -f\ \'graph3d.xcodeproj/qt_makeqmake.mak\'";
		};
		CBA20E82F78EF9D07CF75C8B = {
			isa = PBXFileReference;
			name = "GLView.cpp";
			path = "GLView.cpp";
			refType = 4;
			sourceTree = "SOURCE_ROOT";
			lastKnownFileType = "sourcecode.cpp.cpp";
		};
		1867702FF71D9E18856D009C = {
			fileRef = "CBA20E82F78EF9D07CF75C8B";
			isa = PBXBuildFile;
			settings = {
				ATTRIBUTES = (
					);
			};
		};
		118FCBAABA162BA17933C789 = {
			isa = PBXFileReference;
			name = "main.cpp";
			path = "main.cpp";
			refType = 4;
			sourceTree = "SOURCE_ROOT";
			lastKnownFileType = "sourcecode.cpp.cpp";
		};
		2B093CA6F071B023A473CED0 = {
			fileRef = "118FCBAABA162BA17933C789";
			isa = PBXBuildFile;
			settings = {
				ATTRIBUTES = (
					);
			};
		};
		96661C4E3DFB75A07237F030 = {
			isa = PBXFileReference;
			name = "moc_GLView.cpp";
			path = "moc_GLView.cpp";
			refType = 4;
			sourceTree = "SOURCE_ROOT";
			lastKnownFileType = "sourcecode.cpp.cpp";
		};
		4526E22D039D66391C3B45AE = {
			fileRef = "96661C4E3DFB75A07237F030";
			isa = PBXBuildFile;
			settings = {
				ATTRIBUTES = (
					);
			};
		};
		A6AD128BFF87AF5AAE3B3553 = {
			isa = PBXFileReference;
			name = "GLView.h";
			path = "GLView.h";
			refType = 4;
			sourceTree = "SOURCE_ROOT";
		};
		37869B655BD66148A0EE5AD0 = {
			isa = PBXFileReference;
			name = "3dgraph.pro";
			path = "3dgraph.pro";
			refType = 4;
			sourceTree = "SOURCE_ROOT";
		};
		883D7615C4D2DE3FA1218F12 = {
			isa = PBXGroup;
			children = (
				"A6AD128BFF87AF5AAE3B3553");
			name = "Headers";
			refType = 4;
			sourceTree = "<Group>";
		};
		FB61758D0F0FDA4BA867C3D5 = {
			isa = PBXGroup;
			children = (
				"CBA20E82F78EF9D07CF75C8B",
				"118FCBAABA162BA17933C789");
			name = "Sources";
			refType = 4;
			sourceTree = "<Group>";
		};
		7CABE3C80E79AD2B307756D2 = {
			isa = PBXGroup;
			children = (
				"37869B655BD66148A0EE5AD0");
			name = "Sources [qmake]";
			refType = 4;
			sourceTree = "<Group>";
		};
		46E892BBB6BB6952967E0561 = {
			isa = PBXGroup;
			children = (
				"96661C4E3DFB75A07237F030");
			name = "Temporary Sources";
			refType = 4;
			sourceTree = "<Group>";
		};
		A0A52A2ADF7A1E2A99738674 = {
			buildActionMask = 2147483647;
			files = (
				);
			generatedFileNames = (
				"1867702FF71D9E18856D009C",
				"2B093CA6F071B023A473CED0",
				"4526E22D039D66391C3B45AE");
			isa = PBXShellScriptBuildPhase;
			name = "Qt Preprocessors";
			neededFileNames = (
				"1867702FF71D9E18856D009C",
				"2B093CA6F071B023A473CED0",
				"4526E22D039D66391C3B45AE");
			shellPath = "/bin/sh";
			shellScript = "make\ -C\ /Users/rohanraja/Dropbox/OpenSoft2015/3dgraph/qt3dLib/src/plotter3d/graphics\ -f\ \'graph3d.xcodeproj/qt_preprocess.mak\'";
		};
		C29B8785722055ED95EF7B57 = {
			buildActionMask = 2147483647;
			files = (
				"1867702FF71D9E18856D009C",
				"2B093CA6F071B023A473CED0",
				"4526E22D039D66391C3B45AE");
			isa = PBXSourcesBuildPhase;
			name = "Build Sources";
		};
		FD72C118F11917E88C923C2D = {
			isa = PBXFileReference;
			name = "Qt3D.framework";
			path = "/usr/local/Cellar/qt/4.8.6/lib/Qt3D.framework";
			refType = 0;
			sourceTree = "<absolute>";
			lastKnownFileType = "wrapper.framework";
		};
		C3C4846589FCA4C623B71D79 = {
			fileRef = "FD72C118F11917E88C923C2D";
			isa = PBXBuildFile;
			settings = {
			};
		};
		351D87E9B1A518F40DF0E8EF = {
			isa = PBXFileReference;
			name = "QtOpenGL.framework";
			path = "/usr/local/Cellar/qt/4.8.6/lib/QtOpenGL.framework";
			refType = 0;
			sourceTree = "<absolute>";
			lastKnownFileType = "wrapper.framework";
		};
		3713F7A85132745BD56C9C3E = {
			fileRef = "351D87E9B1A518F40DF0E8EF";
			isa = PBXBuildFile;
			settings = {
			};
		};
		016B0949A417F07816C9304A = {
			isa = PBXFileReference;
			name = "QtGui.framework";
			path = "/usr/local/Cellar/qt/4.8.6/lib/QtGui.framework";
			refType = 0;
			sourceTree = "<absolute>";
			lastKnownFileType = "wrapper.framework";
		};
		40434D2D87215F96B5865B15 = {
			fileRef = "016B0949A417F07816C9304A";
			isa = PBXBuildFile;
			settings = {
			};
		};
		4CCBAF4988F7A032A2009181 = {
			isa = PBXFileReference;
			name = "QtCore.framework";
			path = "/usr/local/Cellar/qt/4.8.6/lib/QtCore.framework";
			refType = 0;
			sourceTree = "<absolute>";
			lastKnownFileType = "wrapper.framework";
		};
		325F6FF378F6DD8CF807450C = {
			fileRef = "4CCBAF4988F7A032A2009181";
			isa = PBXBuildFile;
			settings = {
			};
		};
		5FAF7904ADB95F0D427210A1 = {
			isa = PBXFileReference;
			name = "QtNetwork.framework";
			path = "/usr/local/Cellar/qt/4.8.6/lib/QtNetwork.framework";
			refType = 0;
			sourceTree = "<absolute>";
			lastKnownFileType = "wrapper.framework";
		};
		F8FA26DB7D5A87020E200983 = {
			fileRef = "5FAF7904ADB95F0D427210A1";
			isa = PBXBuildFile;
			settings = {
			};
		};
		DA18A6831232F53228631AD1 = {
			isa = PBXFileReference;
			name = "OpenGL.framework";
			path = "/System/Library/Frameworks/OpenGL.framework";
			refType = 0;
			sourceTree = "<absolute>";
			lastKnownFileType = "wrapper.framework";
		};
		BCEF71E1EDFB18DA77DC750B = {
			fileRef = "DA18A6831232F53228631AD1";
			isa = PBXBuildFile;
			settings = {
			};
		};
		C6766F86E49E9C8701C8E637 = {
			isa = PBXFileReference;
			name = "AGL.framework";
			path = "/System/Library/Frameworks/AGL.framework";
			refType = 0;
			sourceTree = "<absolute>";
			lastKnownFileType = "wrapper.framework";
		};
		0C6D4628EE0B0D1479A20551 = {
			fileRef = "C6766F86E49E9C8701C8E637";
			isa = PBXBuildFile;
			settings = {
			};
		};
		ED1E82605DD74B483AF3C982 = {
			children = (
				"FD72C118F11917E88C923C2D",
				"351D87E9B1A518F40DF0E8EF",
				"016B0949A417F07816C9304A",
				"4CCBAF4988F7A032A2009181",
				"5FAF7904ADB95F0D427210A1",
				"DA18A6831232F53228631AD1",
				"C6766F86E49E9C8701C8E637");
			isa = PBXGroup;
			name = "External Frameworks and Libraries";
			path = "";
			refType = 4;
			sourceTree = "<Group>";
		};
		2A1043669E6E5A7426EA502A = {
			buildActionMask = 2147483647;
			files = (
				"C3C4846589FCA4C623B71D79",
				"3713F7A85132745BD56C9C3E",
				"40434D2D87215F96B5865B15",
				"325F6FF378F6DD8CF807450C",
				"F8FA26DB7D5A87020E200983",
				"BCEF71E1EDFB18DA77DC750B",
				"0C6D4628EE0B0D1479A20551");
			isa = PBXFrameworksBuildPhase;
			name = "Frameworks & Libraries";
		};
		3787F99312C85FF0073FD7BA = {
			buildActionMask = 2147483647;
			files = (
			);
			isa = PBXResourcesBuildPhase;
			name = "Bundle Resources";
		};
		F6069D5A5DA8AA28EDB8B3C6 = {
			isa = PBXShellScriptBuildPhase;
			name = "Project Copy";
			buildActionMask = 2147483647;
			files = (
				);
			inputPaths = (
				);
			outputPaths = (
				);
			runOnlyForDeploymentPostprocessing = 0;
			shellPath = "/bin/sh";
			shellScript = "cp\ -r\ $BUILT_PRODUCTS_DIR/$FULL_PRODUCT_NAME\ /Users/rohanraja/Dropbox/OpenSoft2015/3dgraph/qt3dLib/bin";
		};
		05596AB53D8D521C69802C27 = {
			children = (
				"FB61758D0F0FDA4BA867C3D5",
				"46E892BBB6BB6952967E0561",
				"883D7615C4D2DE3FA1218F12",
				"7CABE3C80E79AD2B307756D2",
				"ED1E82605DD74B483AF3C982");
			isa = PBXGroup;
			name = "graph3d";
			path = "";
			refType = 4;
			sourceTree = "<Group>";
		};
		D3EE8F4054453588BB3EEF44 = {
			isa = PBXFileReference;
			explicitFileType = "wrapper.application";
			path = "graph3d.app";
			refType = 3;
			sourceTree = BUILT_PRODUCTS_DIR;
		};
		068F80C7519D0528FB08E821 = {
			children = (
				"D3EE8F4054453588BB3EEF44");
			isa = PBXGroup;
			name = "Products";
			refType = 4;
		};
		3E1C851BFB61A28AA21A0A5B = {
			buildPhases = (
				"D7BA7D76DAB5DD13389D6332",
				"A0A52A2ADF7A1E2A99738674",
				"C29B8785722055ED95EF7B57",
				"2A1043669E6E5A7426EA502A",
				"3787F99312C85FF0073FD7BA",
				"F6069D5A5DA8AA28EDB8B3C6");
			buildSettings = {
				CC = "/usr/bin/gcc";
				CPLUSPLUS = "/usr/bin/g++";
				LEXFLAGS = "";
				YACCFLAGS = "-d";
				OTHER_REZFLAGS = "";
				SECTORDER_FLAGS = "";
				WARNING_CFLAGS = "";
				PREBINDING = NO;
				INFOPLIST_FILE = "Info.plist";
				BUILD_ROOT = "/Users/rohanraja/Dropbox/OpenSoft2015/3dgraph/qt3dLib/src/plotter3d/graphics";
				OTHER_LDFLAGS = (
						"-headerpad_max_install_names",
						"-L/usr/local/Cellar/qt/4.8.6/lib",
						"-F/usr/local/Cellar/qt/4.8.6/lib",
						"-L/usr/local/Cellar/qt/4.8.6/lib",
						"-F/usr/local/Cellar/qt/4.8.6/lib");
				INSTALL_DIR = "/Users/rohanraja/Dropbox/OpenSoft2015/3dgraph/qt3dLib/src/plotter3d/graphics/../../../bin/";
				DYLIB_CURRENT_VERSION = "1.0.0";
				DYLIB_COMPATIBILITY_VERSION = "1.0";
				MACOSX_DEPLOYMENT_TARGET = "10.4";
				PRODUCT_NAME = "graph3d";
			};
			conditionalBuildSettings = {
			};
			dependencies = (
				);
			productReference = "D3EE8F4054453588BB3EEF44";
			shouldUseHeadermap = 1;
			buildConfigurationList = 17B3380A4D6A7D415E7F2E1E;
			isa = PBXNativeTarget;
			productType = "com.apple.product-type.application";
			productSettingsXML = "<?xml version=\"1.0\" encoding=\"UTF-8\"?>
<!DOCTYPE plist SYSTEM \"file://localhost/System/Library/DTDs/PropertyList.dtd\">
<plist version=\"0.9\">
<dict>
	<key>NSPrincipalClass</key>
	<string>NSApplication</string>
	<key>CFBundleIconFile</key>
	<string></string>
	<key>CFBundlePackageType</key>
	<string>APPL</string>
 	<key>CFBundleGetInfoString</key>
	<string>Created by Qt/QMake</string>
	<key>CFBundleSignature</key>
	<string>????</string>
	<key>CFBundleExecutable</key>
	<string>graph3d</string>
	<key>CFBundleIdentifier</key>
	<string>com.yourcompany.graph3d</string>
	<key>NOTE</key>
	<string>This file was generated by Qt/QMake.</string>
</dict>
</plist>
";
			name = "graph3d";
			productName = "graph3d";
			startupPath = "<<ProjectDirectory>>";
			productInstallPath = "../../../bin/";
		};
		4B72B24813252891014BCF61 = {
			isa = XCBuildConfiguration;
			buildSettings = {
				COPY_PHASE_STRIP = "NO";
				GCC_GENERATE_DEBUGGING_SYMBOLS = "YES";
				GCC_OPTIMIZATION_LEVEL = "0";
				PRODUCT_NAME = "graph3d";
				HEADER_SEARCH_PATHS = (
					"/usr/local/Cellar/qt/4.8.6/lib/QtCore.framework/Versions/4/Headers",
					"/usr/local/Cellar/qt/4.8.6/lib/QtCore.framework/Versions/4/Headers",
					"/usr/local/Cellar/qt/4.8.6/lib/QtNetwork.framework/Versions/4/Headers",
					"/usr/local/Cellar/qt/4.8.6/lib/QtNetwork.framework/Versions/4/Headers",
					"/usr/local/Cellar/qt/4.8.6/lib/QtGui.framework/Versions/4/Headers",
					"/usr/local/Cellar/qt/4.8.6/lib/QtGui.framework/Versions/4/Headers",
					"/usr/local/Cellar/qt/4.8.6/lib/QtOpenGL.framework/Versions/4/Headers",
					"/usr/local/Cellar/qt/4.8.6/lib/QtOpenGL.framework/Versions/4/Headers",
					"/usr/local/Cellar/qt/4.8.6/include",
					"/usr/local/Cellar/qt/4.8.6/lib/Qt3D.framework/Versions/1/Headers",
					"/usr/local/Cellar/qt/4.8.6/include/Qt3D",
					"/System/Library/Frameworks/OpenGL.framework/Versions/A/Headers",
					"/System/Library/Frameworks/AGL.framework/Headers",
					".",
					"/usr/local/include",
					"/System/Library/Frameworks/CarbonCore.framework/Headers",
					"/usr/local/Cellar/qt/4.8.6/mkspecs/macx-xcode");
				LIBRARY_SEARCH_PATHS = (
					"/usr/local/Cellar/qt/4.8.6/lib",
					"/usr/local/Cellar/qt/4.8.6/lib",
					"/System/Library/Frameworks/");
				FRAMEWORK_SEARCH_PATHS = (
					"/usr/local/Cellar/qt/4.8.6/lib",
					"/usr/local/Cellar/qt/4.8.6/lib",
					"/usr/local/Cellar/qt/4.8.6/lib");
				INFOPLIST_FILE = "Info.plist";
				OTHER_CFLAGS = (
					"-pipe",
					"-O2",
					"-Wall",
					"-W",
					"-DQT_NO_DEBUG",
					"-DQT_OPENGL_LIB",
					"-DQT_GUI_LIB",
					"-DQT_NETWORK_LIB",
					"-DQT_CORE_LIB",
					"-DQT_SHARED");
				OTHER_CPLUSPLUSFLAGS = (
					"-pipe",
					"-O2",
					"-FQt3D",
					"-Wall",
					"-W",
					"-DQT_NO_DEBUG",
					"-DQT_OPENGL_LIB",
					"-DQT_GUI_LIB",
					"-DQT_NETWORK_LIB",
					"-DQT_CORE_LIB",
					"-DQT_SHARED");
				OTHER_LDFLAGS = (
						"-headerpad_max_install_names",
						"-L/usr/local/Cellar/qt/4.8.6/lib",
						"-F/usr/local/Cellar/qt/4.8.6/lib",
						"-L/usr/local/Cellar/qt/4.8.6/lib",
						"-F/usr/local/Cellar/qt/4.8.6/lib");
				ARCHS = "x86_64";
			};
			name = "Debug";
		};
		BEC09A62E69C3553534FF35E = {
			isa = XCBuildConfiguration;
			buildSettings = {
				COPY_PHASE_STRIP = "NO";
				GCC_GENERATE_DEBUGGING_SYMBOLS = "YES";
				GCC_OPTIMIZATION_LEVEL = "0";
				PRODUCT_NAME = "graph3d";
				PRODUCT_NAME = "graph3d";
			};
			name = "Debug";
		};
		2C641C3335766025DD51B7BD = {
			buildRules = (
				);
			buildSettings = {
				COPY_PHASE_STRIP = "NO";
				GCC_GENERATE_DEBUGGING_SYMBOLS = "YES";
				GCC_OPTIMIZATION_LEVEL = "0";
				PRODUCT_NAME = "graph3d";
			};
			isa = "PBXBuildStyle";
			name = "Debug";
		};
		D70590BEB531B51029F711BB = {
			isa = XCBuildConfiguration;
			buildSettings = {
				COPY_PHASE_STRIP = "YES";
				GCC_GENERATE_DEBUGGING_SYMBOLS = "NO";
				PRODUCT_NAME = "graph3d";
				HEADER_SEARCH_PATHS = (
					"/usr/local/Cellar/qt/4.8.6/lib/QtCore.framework/Versions/4/Headers",
					"/usr/local/Cellar/qt/4.8.6/lib/QtCore.framework/Versions/4/Headers",
					"/usr/local/Cellar/qt/4.8.6/lib/QtNetwork.framework/Versions/4/Headers",
					"/usr/local/Cellar/qt/4.8.6/lib/QtNetwork.framework/Versions/4/Headers",
					"/usr/local/Cellar/qt/4.8.6/lib/QtGui.framework/Versions/4/Headers",
					"/usr/local/Cellar/qt/4.8.6/lib/QtGui.framework/Versions/4/Headers",
					"/usr/local/Cellar/qt/4.8.6/lib/QtOpenGL.framework/Versions/4/Headers",
					"/usr/local/Cellar/qt/4.8.6/lib/QtOpenGL.framework/Versions/4/Headers",
					"/usr/local/Cellar/qt/4.8.6/include",
					"/usr/local/Cellar/qt/4.8.6/lib/Qt3D.framework/Versions/1/Headers",
					"/usr/local/Cellar/qt/4.8.6/include/Qt3D",
					"/System/Library/Frameworks/OpenGL.framework/Versions/A/Headers",
					"/System/Library/Frameworks/AGL.framework/Headers",
					".",
					"/usr/local/include",
					"/System/Library/Frameworks/CarbonCore.framework/Headers",
					"/usr/local/Cellar/qt/4.8.6/mkspecs/macx-xcode");
				LIBRARY_SEARCH_PATHS = (
					"/usr/local/Cellar/qt/4.8.6/lib",
					"/usr/local/Cellar/qt/4.8.6/lib",
					"/System/Library/Frameworks/");
				FRAMEWORK_SEARCH_PATHS = (
					"/usr/local/Cellar/qt/4.8.6/lib",
					"/usr/local/Cellar/qt/4.8.6/lib",
					"/usr/local/Cellar/qt/4.8.6/lib");
				INFOPLIST_FILE = "Info.plist";
				OTHER_CFLAGS = (
					"-pipe",
					"-O2",
					"-Wall",
					"-W",
					"-DQT_NO_DEBUG",
					"-DQT_OPENGL_LIB",
					"-DQT_GUI_LIB",
					"-DQT_NETWORK_LIB",
					"-DQT_CORE_LIB",
					"-DQT_SHARED");
				OTHER_CPLUSPLUSFLAGS = (
					"-pipe",
					"-O2",
					"-FQt3D",
					"-Wall",
					"-W",
					"-DQT_NO_DEBUG",
					"-DQT_OPENGL_LIB",
					"-DQT_GUI_LIB",
					"-DQT_NETWORK_LIB",
					"-DQT_CORE_LIB",
					"-DQT_SHARED");
				OTHER_LDFLAGS = (
						"-headerpad_max_install_names",
						"-L/usr/local/Cellar/qt/4.8.6/lib",
						"-F/usr/local/Cellar/qt/4.8.6/lib",
						"-L/usr/local/Cellar/qt/4.8.6/lib",
						"-F/usr/local/Cellar/qt/4.8.6/lib");
				ARCHS = "x86_64";
			};
			name = "Release";
		};
		8C7174830A1E4DCBA0332EC1 = {
			isa = XCBuildConfiguration;
			buildSettings = {
				COPY_PHASE_STRIP = "YES";
				GCC_GENERATE_DEBUGGING_SYMBOLS = "NO";
				PRODUCT_NAME = "graph3d";
				PRODUCT_NAME = "graph3d";
			};
			name = "Release";
		};
		26DE8D2AEA4B3714B41E931F = {
			buildRules = (
				);
			buildSettings = {
				COPY_PHASE_STRIP = "YES";
				GCC_GENERATE_DEBUGGING_SYMBOLS = "NO";
				PRODUCT_NAME = "graph3d";
			};
			isa = "PBXBuildStyle";
			name = "Release";
		};
		CC82A9286117DFED018F418F = {
			isa = XCConfigurationList;
			buildConfigurations = (
				"4B72B24813252891014BCF61",
				"D70590BEB531B51029F711BB");
			defaultConfigurationIsVisible = 0;
			defaultConfigurationIsName = "Release";
		};
		17B3380A4D6A7D415E7F2E1E = {
			isa = XCConfigurationList;
			buildConfigurations = (
				"BEC09A62E69C3553534FF35E",
				"8C7174830A1E4DCBA0332EC1");
			defaultConfigurationIsVisible = 0;
			defaultConfigurationIsName = "Release";
		};
		91B15E841AA80083484172DE = {
			buildStyles = (
				"2C641C3335766025DD51B7BD",
				"26DE8D2AEA4B3714B41E931F");
			hasScannedForEncodings = 1;
			isa = PBXProject;
			mainGroup = "05596AB53D8D521C69802C27";
			buildConfigurationList = "CC82A9286117DFED018F418F";
			projectDirPath = "";
			targets = (
				"3E1C851BFB61A28AA21A0A5B");
		};
	};
	rootObject = "91B15E841AA80083484172DE";
}
