// !$*UTF8*$!
{
	archiveVersion = 1;
	classes = {
	};
	objectVersion = 42;
	objects = {

/* Begin PBXBuildFile section */
		055664F573061E78B242E915 /* MainCanvas.cpp in Build Sources */ = {isa = PBXBuildFile; fileRef = 2B5209361CD186478BC3A84F /* MainCanvas.cpp */; settings = {ATTRIBUTES = (); }; };
		07E1339079EA0D1AFEB3E3F9 /* Line.cpp in Build Sources */ = {isa = PBXBuildFile; fileRef = D48281E4AC1259D2B24D3BF8 /* Line.cpp */; settings = {ATTRIBUTES = (); }; };
		0C6D4628EE0B0D1479A20551 /* AGL.framework in Frameworks & Libraries */ = {isa = PBXBuildFile; fileRef = C6766F86E49E9C8701C8E637 /* AGL.framework */; };
		0F79967F5FB18453F27AF6BF /* variablelist.cpp in Build Sources */ = {isa = PBXBuildFile; fileRef = DB4C9411D26FDE07448F18D2 /* variablelist.cpp */; settings = {ATTRIBUTES = (); }; };
		1867702FF71D9E18856D009C /* GLView.cpp in Build Sources */ = {isa = PBXBuildFile; fileRef = CBA20E82F78EF9D07CF75C8B /* GLView.cpp */; settings = {ATTRIBUTES = (); }; };
		2B093CA6F071B023A473CED0 /* main.cpp in Build Sources */ = {isa = PBXBuildFile; fileRef = 118FCBAABA162BA17933C789 /* main.cpp */; settings = {ATTRIBUTES = (); }; };
		325F6FF378F6DD8CF807450C /* QtCore.framework in Frameworks & Libraries */ = {isa = PBXBuildFile; fileRef = 4CCBAF4988F7A032A2009181 /* QtCore.framework */; };
		3713F7A85132745BD56C9C3E /* QtOpenGL.framework in Frameworks & Libraries */ = {isa = PBXBuildFile; fileRef = 351D87E9B1A518F40DF0E8EF /* QtOpenGL.framework */; };
		3B301CA77829558C8FE1C6A6 /* CanvasDataGenerator.cpp in Build Sources */ = {isa = PBXBuildFile; fileRef = D725FA85B1873FCEE72890C5 /* CanvasDataGenerator.cpp */; settings = {ATTRIBUTES = (); }; };
		3C670E9AC462367C91A0B4B7 /* window.cpp in Build Sources */ = {isa = PBXBuildFile; fileRef = 8127D0EC5B66B8EC7F5B4588 /* window.cpp */; settings = {ATTRIBUTES = (); }; };
		3FAC58BB5661D7132640F570 /* widget.cpp in Build Sources */ = {isa = PBXBuildFile; fileRef = F980B0E75DA895A5C05E724D /* widget.cpp */; settings = {ATTRIBUTES = (); }; };
		40434D2D87215F96B5865B15 /* QtGui.framework in Frameworks & Libraries */ = {isa = PBXBuildFile; fileRef = 016B0949A417F07816C9304A /* QtGui.framework */; };
		433EE5AE59170E8350348379 /* Range.cpp in Build Sources */ = {isa = PBXBuildFile; fileRef = A3472242E6560F83DBFA3666 /* Range.cpp */; settings = {ATTRIBUTES = (); }; };
		4526E22D039D66391C3B45AE /* moc_GLView.cpp in Build Sources */ = {isa = PBXBuildFile; fileRef = 96661C4E3DFB75A07237F030 /* moc_GLView.cpp */; settings = {ATTRIBUTES = (); }; };
		51C7021D1322EA73A14F2E57 /* parser.cpp in Build Sources */ = {isa = PBXBuildFile; fileRef = 385FA22B3EEB4BAF849A7FEE /* parser.cpp */; settings = {ATTRIBUTES = (); }; };
		57D003F469FE476B8551BD15 /* error.cpp in Build Sources */ = {isa = PBXBuildFile; fileRef = B781368510B24E0C8FDAAFCE /* error.cpp */; settings = {ATTRIBUTES = (); }; };
		5F1D39EE7D0438A3472334EF /* MathFunction.cpp in Build Sources */ = {isa = PBXBuildFile; fileRef = CA4CCCB35194A21AB0BE0C8F /* MathFunction.cpp */; settings = {ATTRIBUTES = (); }; };
		6601B11B1FDEADE9E1E3650F /* CanvasText.cpp in Build Sources */ = {isa = PBXBuildFile; fileRef = 9E61CCDD8197C3BE840D33B5 /* CanvasText.cpp */; settings = {ATTRIBUTES = (); }; };
		6CFC22A5FD7C3C028A914C46 /* Point.cpp in Build Sources */ = {isa = PBXBuildFile; fileRef = E2BDC928DADE994E9CDC4D63 /* Point.cpp */; settings = {ATTRIBUTES = (); }; };
		7569EE970450143D72B06EEF /* moc_CanvasState.cpp in Build Sources */ = {isa = PBXBuildFile; fileRef = 670336822DD277656B65CD96 /* moc_CanvasState.cpp */; settings = {ATTRIBUTES = (); }; };
		7631CA2F1AC540A9003FD034 /* GridPlaneGenerator.cpp in Build Sources */ = {isa = PBXBuildFile; fileRef = 7631CA2D1AC540A9003FD034 /* GridPlaneGenerator.cpp */; };
		9BB9D2D7D50084E92988BE1F /* SceneStateData.cpp in Build Sources */ = {isa = PBXBuildFile; fileRef = 94CFD35C56811D3A4D1CB46C /* SceneStateData.cpp */; settings = {ATTRIBUTES = (); }; };
		A8726DBAB1708155C13A0A2A /* moc_window.cpp in Build Sources */ = {isa = PBXBuildFile; fileRef = 03CC4BA1004C618C58FF0257 /* moc_window.cpp */; settings = {ATTRIBUTES = (); }; };
		B62C56EB1F0B5244D5B4E1C4 /* RCube.cpp in Build Sources */ = {isa = PBXBuildFile; fileRef = ACA53F118B5395D3F4062CF9 /* RCube.cpp */; settings = {ATTRIBUTES = (); }; };
		B7576E2D0781218284B1FC13 /* CanvasState.cpp in Build Sources */ = {isa = PBXBuildFile; fileRef = CAE97E25074449104AE1608A /* CanvasState.cpp */; settings = {ATTRIBUTES = (); }; };
		BCEF71E1EDFB18DA77DC750B /* OpenGL.framework in Frameworks & Libraries */ = {isa = PBXBuildFile; fileRef = DA18A6831232F53228631AD1 /* OpenGL.framework */; };
		C3C4846589FCA4C623B71D79 /* Qt3D.framework in Frameworks & Libraries */ = {isa = PBXBuildFile; fileRef = FD72C118F11917E88C923C2D /* Qt3D.framework */; };
		D22CA9E7C0CC338EFB89EF95 /* functions.cpp in Build Sources */ = {isa = PBXBuildFile; fileRef = 3B6FFC202F93D425108EE94F /* functions.cpp */; settings = {ATTRIBUTES = (); }; };
		D2ACB67A4E2905FEA6F1B257 /* moc_FunctionInputWindow.cpp in Build Sources */ = {isa = PBXBuildFile; fileRef = 2DF920268DAA14528A43B506 /* moc_FunctionInputWindow.cpp */; settings = {ATTRIBUTES = (); }; };
		EC670083F0F6491A3A4D9A5E /* FunctionInputWindow.cpp in Build Sources */ = {isa = PBXBuildFile; fileRef = 52676C0D41F5770BF3592666 /* FunctionInputWindow.cpp */; settings = {ATTRIBUTES = (); }; };
		EE433C6E873A077601F75D8F /* moc_widget.cpp in Build Sources */ = {isa = PBXBuildFile; fileRef = 6278B040C35C78324AB8F098 /* moc_widget.cpp */; settings = {ATTRIBUTES = (); }; };
		F834BF8BB22E614B25C89C25 /* CanvasStateData.cpp in Build Sources */ = {isa = PBXBuildFile; fileRef = 4976C42BE7A0FC3516DF7EAF /* CanvasStateData.cpp */; settings = {ATTRIBUTES = (); }; };
		F8FA26DB7D5A87020E200983 /* QtNetwork.framework in Frameworks & Libraries */ = {isa = PBXBuildFile; fileRef = 5FAF7904ADB95F0D427210A1 /* QtNetwork.framework */; };
/* End PBXBuildFile section */

/* Begin PBXFileReference section */
		016B0949A417F07816C9304A /* QtGui.framework */ = {isa = PBXFileReference; lastKnownFileType = wrapper.framework; name = QtGui.framework; path = /usr/local/Cellar/qt/4.8.6/lib/QtGui.framework; sourceTree = "<absolute>"; };
		03CC4BA1004C618C58FF0257 /* moc_window.cpp */ = {isa = PBXFileReference; lastKnownFileType = sourcecode.cpp.cpp; path = moc_window.cpp; sourceTree = SOURCE_ROOT; };
		116E3635A89B141B3D3F667E /* parser.h */ = {isa = PBXFileReference; lastKnownFileType = sourcecode.c.h; name = parser.h; path = includes/expparser/parser.h; sourceTree = SOURCE_ROOT; };
		118FCBAABA162BA17933C789 /* main.cpp */ = {isa = PBXFileReference; lastKnownFileType = sourcecode.cpp.cpp; path = main.cpp; sourceTree = SOURCE_ROOT; };
		12BA32205365F9CB72A81B81 /* FunctionInputWindow.h */ = {isa = PBXFileReference; lastKnownFileType = sourcecode.c.h; name = FunctionInputWindow.h; path = includes/FunctionInputWindow.h; sourceTree = SOURCE_ROOT; };
		1AF3CFACD5220ABE4C1937FD /* CanvasText.h */ = {isa = PBXFileReference; lastKnownFileType = sourcecode.c.h; name = CanvasText.h; path = includes/CanvasText.h; sourceTree = SOURCE_ROOT; };
		2B5209361CD186478BC3A84F /* MainCanvas.cpp */ = {isa = PBXFileReference; lastKnownFileType = sourcecode.cpp.cpp; name = MainCanvas.cpp; path = includes/MainCanvas.cpp; sourceTree = SOURCE_ROOT; };
		2DF920268DAA14528A43B506 /* moc_FunctionInputWindow.cpp */ = {isa = PBXFileReference; lastKnownFileType = sourcecode.cpp.cpp; path = moc_FunctionInputWindow.cpp; sourceTree = SOURCE_ROOT; };
		351D87E9B1A518F40DF0E8EF /* QtOpenGL.framework */ = {isa = PBXFileReference; lastKnownFileType = wrapper.framework; name = QtOpenGL.framework; path = /usr/local/Cellar/qt/4.8.6/lib/QtOpenGL.framework; sourceTree = "<absolute>"; };
		385B1C86BD4C2B7D4C68D277 /* CanvasState.h */ = {isa = PBXFileReference; lastKnownFileType = sourcecode.c.h; name = CanvasState.h; path = includes/CanvasState.h; sourceTree = SOURCE_ROOT; };
		385FA22B3EEB4BAF849A7FEE /* parser.cpp */ = {isa = PBXFileReference; lastKnownFileType = sourcecode.cpp.cpp; name = parser.cpp; path = includes/expparser/parser.cpp; sourceTree = SOURCE_ROOT; };
		3871365177D93F4A37FF2522 /* CoordinateSystem.h */ = {isa = PBXFileReference; lastKnownFileType = sourcecode.c.h; name = CoordinateSystem.h; path = includes/CoordinateSystem.h; sourceTree = SOURCE_ROOT; };
		3B6FFC202F93D425108EE94F /* functions.cpp */ = {isa = PBXFileReference; lastKnownFileType = sourcecode.cpp.cpp; name = functions.cpp; path = includes/expparser/functions.cpp; sourceTree = SOURCE_ROOT; };
		3FBA0D12284666B56E59DB39 /* FunctionInputWindow.ui */ = {isa = PBXFileReference; lastKnownFileType = text.xml; name = FunctionInputWindow.ui; path = includes/FunctionInputWindow.ui; sourceTree = SOURCE_ROOT; };
		4976C42BE7A0FC3516DF7EAF /* CanvasStateData.cpp */ = {isa = PBXFileReference; lastKnownFileType = sourcecode.cpp.cpp; name = CanvasStateData.cpp; path = includes/CanvasStateData.cpp; sourceTree = SOURCE_ROOT; };
		4C59BC4BAB16E748E43B9A40 /* constants.h */ = {isa = PBXFileReference; lastKnownFileType = sourcecode.c.h; name = constants.h; path = includes/expparser/constants.h; sourceTree = SOURCE_ROOT; };
		4CCBAF4988F7A032A2009181 /* QtCore.framework */ = {isa = PBXFileReference; lastKnownFileType = wrapper.framework; name = QtCore.framework; path = /usr/local/Cellar/qt/4.8.6/lib/QtCore.framework; sourceTree = "<absolute>"; };
		52676C0D41F5770BF3592666 /* FunctionInputWindow.cpp */ = {isa = PBXFileReference; lastKnownFileType = sourcecode.cpp.cpp; name = FunctionInputWindow.cpp; path = includes/FunctionInputWindow.cpp; sourceTree = SOURCE_ROOT; };
		5AC16334CC7749D08883221C /* CanvasDataGenerator.h */ = {isa = PBXFileReference; lastKnownFileType = sourcecode.c.h; name = CanvasDataGenerator.h; path = includes/CanvasDataGenerator.h; sourceTree = SOURCE_ROOT; };
		5DFF3094AC44C1324B3CB3ED /* MainCanvas.h */ = {isa = PBXFileReference; lastKnownFileType = sourcecode.c.h; name = MainCanvas.h; path = includes/MainCanvas.h; sourceTree = SOURCE_ROOT; };
		5FAF7904ADB95F0D427210A1 /* QtNetwork.framework */ = {isa = PBXFileReference; lastKnownFileType = wrapper.framework; name = QtNetwork.framework; path = /usr/local/Cellar/qt/4.8.6/lib/QtNetwork.framework; sourceTree = "<absolute>"; };
		6278B040C35C78324AB8F098 /* moc_widget.cpp */ = {isa = PBXFileReference; lastKnownFileType = sourcecode.cpp.cpp; path = moc_widget.cpp; sourceTree = SOURCE_ROOT; };
		670336822DD277656B65CD96 /* moc_CanvasState.cpp */ = {isa = PBXFileReference; lastKnownFileType = sourcecode.cpp.cpp; path = moc_CanvasState.cpp; sourceTree = SOURCE_ROOT; };
		6AF22254CF25ECEE424F4233 /* widget.h */ = {isa = PBXFileReference; lastKnownFileType = sourcecode.c.h; name = widget.h; path = includes/widget.h; sourceTree = SOURCE_ROOT; };
		6ED72E9D9A494FBA2E291B85 /* Range.h */ = {isa = PBXFileReference; lastKnownFileType = sourcecode.c.h; name = Range.h; path = includes/Range.h; sourceTree = SOURCE_ROOT; };
		7631CA2B1AC4600D003FD034 /* graphics.app */ = {isa = PBXFileReference; explicitFileType = wrapper.application; includeInIndex = 0; path = graphics.app; sourceTree = BUILT_PRODUCTS_DIR; };
		7631CA2D1AC540A9003FD034 /* GridPlaneGenerator.cpp */ = {isa = PBXFileReference; fileEncoding = 4; lastKnownFileType = sourcecode.cpp.cpp; path = GridPlaneGenerator.cpp; sourceTree = SOURCE_ROOT; };
		7631CA2E1AC540A9003FD034 /* GridPlaneGenerator.h */ = {isa = PBXFileReference; fileEncoding = 4; lastKnownFileType = sourcecode.c.h; path = GridPlaneGenerator.h; sourceTree = SOURCE_ROOT; };
		8127D0EC5B66B8EC7F5B4588 /* window.cpp */ = {isa = PBXFileReference; lastKnownFileType = sourcecode.cpp.cpp; name = window.cpp; path = includes/window.cpp; sourceTree = SOURCE_ROOT; };
		816E6CBEB4AF29236926E1E9 /* graphics.pro */ = {isa = PBXFileReference; lastKnownFileType = text; path = graphics.pro; sourceTree = SOURCE_ROOT; };
		85074C6BED81EBC83FDE33C6 /* Line.h */ = {isa = PBXFileReference; lastKnownFileType = sourcecode.c.h; name = Line.h; path = includes/Line.h; sourceTree = SOURCE_ROOT; };
		8703E850BD58E588761327DF /* error.h */ = {isa = PBXFileReference; lastKnownFileType = sourcecode.c.h; name = error.h; path = includes/expparser/error.h; sourceTree = SOURCE_ROOT; };
		94CFD35C56811D3A4D1CB46C /* SceneStateData.cpp */ = {isa = PBXFileReference; lastKnownFileType = sourcecode.cpp.cpp; path = SceneStateData.cpp; sourceTree = SOURCE_ROOT; };
		96661C4E3DFB75A07237F030 /* moc_GLView.cpp */ = {isa = PBXFileReference; lastKnownFileType = sourcecode.cpp.cpp; path = moc_GLView.cpp; sourceTree = SOURCE_ROOT; };
		9E61CCDD8197C3BE840D33B5 /* CanvasText.cpp */ = {isa = PBXFileReference; lastKnownFileType = sourcecode.cpp.cpp; name = CanvasText.cpp; path = includes/CanvasText.cpp; sourceTree = SOURCE_ROOT; };
		A3472242E6560F83DBFA3666 /* Range.cpp */ = {isa = PBXFileReference; lastKnownFileType = sourcecode.cpp.cpp; name = Range.cpp; path = includes/Range.cpp; sourceTree = SOURCE_ROOT; };
		A5C14A07B6854B5E5A383D91 /* SceneStateData.h */ = {isa = PBXFileReference; lastKnownFileType = sourcecode.c.h; path = SceneStateData.h; sourceTree = SOURCE_ROOT; };
		A6AD128BFF87AF5AAE3B3553 /* GLView.h */ = {isa = PBXFileReference; lastKnownFileType = sourcecode.c.h; path = GLView.h; sourceTree = SOURCE_ROOT; };
		A7055D19EAFEDEAC11D7098D /* functions.h */ = {isa = PBXFileReference; lastKnownFileType = sourcecode.c.h; name = functions.h; path = includes/expparser/functions.h; sourceTree = SOURCE_ROOT; };
		ACA53F118B5395D3F4062CF9 /* RCube.cpp */ = {isa = PBXFileReference; lastKnownFileType = sourcecode.cpp.cpp; path = RCube.cpp; sourceTree = SOURCE_ROOT; };
		AE0EEF18901FDF82082A8911 /* RCube.h */ = {isa = PBXFileReference; lastKnownFileType = sourcecode.c.h; path = RCube.h; sourceTree = SOURCE_ROOT; };
		B284B57ECD65EEA7ED5224CB /* Point.h */ = {isa = PBXFileReference; lastKnownFileType = sourcecode.c.h; name = Point.h; path = includes/Point.h; sourceTree = SOURCE_ROOT; };
		B781368510B24E0C8FDAAFCE /* error.cpp */ = {isa = PBXFileReference; lastKnownFileType = sourcecode.cpp.cpp; name = error.cpp; path = includes/expparser/error.cpp; sourceTree = SOURCE_ROOT; };
		BB92E64D2F48B3AEFA48EEE4 /* ui_FunctionInputWindow.h */ = {isa = PBXFileReference; lastKnownFileType = sourcecode.c.h; path = ui_FunctionInputWindow.h; sourceTree = SOURCE_ROOT; };
		C3C013A98D3D4502EDDC9358 /* CanvasStateData.h */ = {isa = PBXFileReference; lastKnownFileType = sourcecode.c.h; name = CanvasStateData.h; path = includes/CanvasStateData.h; sourceTree = SOURCE_ROOT; };
		C582E00AD8E9EDF5EA2FF95A /* window.h */ = {isa = PBXFileReference; lastKnownFileType = sourcecode.c.h; name = window.h; path = includes/window.h; sourceTree = SOURCE_ROOT; };
		C6766F86E49E9C8701C8E637 /* AGL.framework */ = {isa = PBXFileReference; lastKnownFileType = wrapper.framework; name = AGL.framework; path = /System/Library/Frameworks/AGL.framework; sourceTree = "<absolute>"; };
		CA41FE010D3F15AF9B1A9509 /* MathFunction.h */ = {isa = PBXFileReference; lastKnownFileType = sourcecode.c.h; name = MathFunction.h; path = includes/MathFunction.h; sourceTree = SOURCE_ROOT; };
		CA4CCCB35194A21AB0BE0C8F /* MathFunction.cpp */ = {isa = PBXFileReference; lastKnownFileType = sourcecode.cpp.cpp; name = MathFunction.cpp; path = includes/MathFunction.cpp; sourceTree = SOURCE_ROOT; };
		CAE97E25074449104AE1608A /* CanvasState.cpp */ = {isa = PBXFileReference; lastKnownFileType = sourcecode.cpp.cpp; name = CanvasState.cpp; path = includes/CanvasState.cpp; sourceTree = SOURCE_ROOT; };
		CBA20E82F78EF9D07CF75C8B /* GLView.cpp */ = {isa = PBXFileReference; lastKnownFileType = sourcecode.cpp.cpp; path = GLView.cpp; sourceTree = SOURCE_ROOT; };
		D48281E4AC1259D2B24D3BF8 /* Line.cpp */ = {isa = PBXFileReference; lastKnownFileType = sourcecode.cpp.cpp; name = Line.cpp; path = includes/Line.cpp; sourceTree = SOURCE_ROOT; };
		D725FA85B1873FCEE72890C5 /* CanvasDataGenerator.cpp */ = {isa = PBXFileReference; lastKnownFileType = sourcecode.cpp.cpp; name = CanvasDataGenerator.cpp; path = includes/CanvasDataGenerator.cpp; sourceTree = SOURCE_ROOT; };
		DA18A6831232F53228631AD1 /* OpenGL.framework */ = {isa = PBXFileReference; lastKnownFileType = wrapper.framework; name = OpenGL.framework; path = /System/Library/Frameworks/OpenGL.framework; sourceTree = "<absolute>"; };
		DB4C9411D26FDE07448F18D2 /* variablelist.cpp */ = {isa = PBXFileReference; lastKnownFileType = sourcecode.cpp.cpp; name = variablelist.cpp; path = includes/expparser/variablelist.cpp; sourceTree = SOURCE_ROOT; };
		E2BDC928DADE994E9CDC4D63 /* Point.cpp */ = {isa = PBXFileReference; lastKnownFileType = sourcecode.cpp.cpp; name = Point.cpp; path = includes/Point.cpp; sourceTree = SOURCE_ROOT; };
		EDADB8B3A91CB783DF85D751 /* variablelist.h */ = {isa = PBXFileReference; lastKnownFileType = sourcecode.c.h; name = variablelist.h; path = includes/expparser/variablelist.h; sourceTree = SOURCE_ROOT; };
		F980B0E75DA895A5C05E724D /* widget.cpp */ = {isa = PBXFileReference; lastKnownFileType = sourcecode.cpp.cpp; name = widget.cpp; path = includes/widget.cpp; sourceTree = SOURCE_ROOT; };
		FD72C118F11917E88C923C2D /* Qt3D.framework */ = {isa = PBXFileReference; lastKnownFileType = wrapper.framework; name = Qt3D.framework; path = /usr/local/Cellar/qt/4.8.6/lib/Qt3D.framework; sourceTree = "<absolute>"; };
/* End PBXFileReference section */

/* Begin PBXFrameworksBuildPhase section */
		2A1043669E6E5A7426EA502A /* Frameworks & Libraries */ = {
			isa = PBXFrameworksBuildPhase;
			buildActionMask = 2147483647;
			files = (
				C3C4846589FCA4C623B71D79 /* Qt3D.framework in Frameworks & Libraries */,
				3713F7A85132745BD56C9C3E /* QtOpenGL.framework in Frameworks & Libraries */,
				40434D2D87215F96B5865B15 /* QtGui.framework in Frameworks & Libraries */,
				325F6FF378F6DD8CF807450C /* QtCore.framework in Frameworks & Libraries */,
				F8FA26DB7D5A87020E200983 /* QtNetwork.framework in Frameworks & Libraries */,
				BCEF71E1EDFB18DA77DC750B /* OpenGL.framework in Frameworks & Libraries */,
				0C6D4628EE0B0D1479A20551 /* AGL.framework in Frameworks & Libraries */,
			);
			name = "Frameworks & Libraries";
			runOnlyForDeploymentPostprocessing = 0;
		};
/* End PBXFrameworksBuildPhase section */

/* Begin PBXGroup section */
		05596AB53D8D521C69802C27 /* graphics */ = {
			isa = PBXGroup;
			children = (
				7631CA2D1AC540A9003FD034 /* GridPlaneGenerator.cpp */,
				7631CA2E1AC540A9003FD034 /* GridPlaneGenerator.h */,
				FB61758D0F0FDA4BA867C3D5 /* Sources */,
				46E892BBB6BB6952967E0561 /* Temporary Sources */,
				883D7615C4D2DE3FA1218F12 /* Headers */,
				7CABE3C80E79AD2B307756D2 /* Sources [qmake] */,
				EEC299C65D5017EB9DD513B0 /* Sources [UIC] */,
				ED1E82605DD74B483AF3C982 /* External Frameworks and Libraries */,
				7631CA2C1AC4600D003FD034 /* Products */,
			);
			name = graphics;
			sourceTree = "<Group>";
		};
		37BDF74E66D266882D0E97E6 /* includes */ = {
			isa = PBXGroup;
			children = (
				D725FA85B1873FCEE72890C5 /* CanvasDataGenerator.cpp */,
				CAE97E25074449104AE1608A /* CanvasState.cpp */,
				4976C42BE7A0FC3516DF7EAF /* CanvasStateData.cpp */,
				9E61CCDD8197C3BE840D33B5 /* CanvasText.cpp */,
				52676C0D41F5770BF3592666 /* FunctionInputWindow.cpp */,
				D48281E4AC1259D2B24D3BF8 /* Line.cpp */,
				2B5209361CD186478BC3A84F /* MainCanvas.cpp */,
				CA4CCCB35194A21AB0BE0C8F /* MathFunction.cpp */,
				E2BDC928DADE994E9CDC4D63 /* Point.cpp */,
				A3472242E6560F83DBFA3666 /* Range.cpp */,
				F980B0E75DA895A5C05E724D /* widget.cpp */,
				8127D0EC5B66B8EC7F5B4588 /* window.cpp */,
				730A94DF34BF726E0F26FF4B /* expparser */,
			);
			name = includes;
			sourceTree = "<Group>";
		};
		46E892BBB6BB6952967E0561 /* Temporary Sources */ = {
			isa = PBXGroup;
			children = (
				96661C4E3DFB75A07237F030 /* moc_GLView.cpp */,
				670336822DD277656B65CD96 /* moc_CanvasState.cpp */,
				2DF920268DAA14528A43B506 /* moc_FunctionInputWindow.cpp */,
				6278B040C35C78324AB8F098 /* moc_widget.cpp */,
				03CC4BA1004C618C58FF0257 /* moc_window.cpp */,
				BB92E64D2F48B3AEFA48EEE4 /* ui_FunctionInputWindow.h */,
			);
			name = "Temporary Sources";
			sourceTree = "<Group>";
		};
		6925A5A1EDE0C19A5C913D76 /* expparser */ = {
			isa = PBXGroup;
			children = (
				4C59BC4BAB16E748E43B9A40 /* constants.h */,
				8703E850BD58E588761327DF /* error.h */,
				A7055D19EAFEDEAC11D7098D /* functions.h */,
				116E3635A89B141B3D3F667E /* parser.h */,
				EDADB8B3A91CB783DF85D751 /* variablelist.h */,
			);
			name = expparser;
			sourceTree = "<Group>";
		};
		730A94DF34BF726E0F26FF4B /* expparser */ = {
			isa = PBXGroup;
			children = (
				B781368510B24E0C8FDAAFCE /* error.cpp */,
				3B6FFC202F93D425108EE94F /* functions.cpp */,
				385FA22B3EEB4BAF849A7FEE /* parser.cpp */,
				DB4C9411D26FDE07448F18D2 /* variablelist.cpp */,
			);
			name = expparser;
			sourceTree = "<Group>";
		};
		7631CA2C1AC4600D003FD034 /* Products */ = {
			isa = PBXGroup;
			children = (
				7631CA2B1AC4600D003FD034 /* graphics.app */,
			);
			name = Products;
			sourceTree = "<group>";
		};
		7CABE3C80E79AD2B307756D2 /* Sources [qmake] */ = {
			isa = PBXGroup;
			children = (
				816E6CBEB4AF29236926E1E9 /* graphics.pro */,
			);
			name = "Sources [qmake]";
			sourceTree = "<Group>";
		};
		883D7615C4D2DE3FA1218F12 /* Headers */ = {
			isa = PBXGroup;
			children = (
				A6AD128BFF87AF5AAE3B3553 /* GLView.h */,
				AE0EEF18901FDF82082A8911 /* RCube.h */,
				A5C14A07B6854B5E5A383D91 /* SceneStateData.h */,
				D832491E709B757D9A0A788A /* includes */,
			);
			name = Headers;
			sourceTree = "<Group>";
		};
		C04AB1B1483B0E82C9B238AB /* includes */ = {
			isa = PBXGroup;
			children = (
				3FBA0D12284666B56E59DB39 /* FunctionInputWindow.ui */,
			);
			name = includes;
			sourceTree = "<Group>";
		};
		D832491E709B757D9A0A788A /* includes */ = {
			isa = PBXGroup;
			children = (
				5AC16334CC7749D08883221C /* CanvasDataGenerator.h */,
				385B1C86BD4C2B7D4C68D277 /* CanvasState.h */,
				C3C013A98D3D4502EDDC9358 /* CanvasStateData.h */,
				1AF3CFACD5220ABE4C1937FD /* CanvasText.h */,
				3871365177D93F4A37FF2522 /* CoordinateSystem.h */,
				12BA32205365F9CB72A81B81 /* FunctionInputWindow.h */,
				85074C6BED81EBC83FDE33C6 /* Line.h */,
				5DFF3094AC44C1324B3CB3ED /* MainCanvas.h */,
				CA41FE010D3F15AF9B1A9509 /* MathFunction.h */,
				B284B57ECD65EEA7ED5224CB /* Point.h */,
				6ED72E9D9A494FBA2E291B85 /* Range.h */,
				6AF22254CF25ECEE424F4233 /* widget.h */,
				C582E00AD8E9EDF5EA2FF95A /* window.h */,
				6925A5A1EDE0C19A5C913D76 /* expparser */,
			);
			name = includes;
			sourceTree = "<Group>";
		};
		ED1E82605DD74B483AF3C982 /* External Frameworks and Libraries */ = {
			isa = PBXGroup;
			children = (
				FD72C118F11917E88C923C2D /* Qt3D.framework */,
				351D87E9B1A518F40DF0E8EF /* QtOpenGL.framework */,
				016B0949A417F07816C9304A /* QtGui.framework */,
				4CCBAF4988F7A032A2009181 /* QtCore.framework */,
				5FAF7904ADB95F0D427210A1 /* QtNetwork.framework */,
				DA18A6831232F53228631AD1 /* OpenGL.framework */,
				C6766F86E49E9C8701C8E637 /* AGL.framework */,
			);
			name = "External Frameworks and Libraries";
			sourceTree = "<Group>";
		};
		EEC299C65D5017EB9DD513B0 /* Sources [UIC] */ = {
			isa = PBXGroup;
			children = (
				C04AB1B1483B0E82C9B238AB /* includes */,
			);
			name = "Sources [UIC]";
			sourceTree = "<Group>";
		};
		FB61758D0F0FDA4BA867C3D5 /* Sources */ = {
			isa = PBXGroup;
			children = (
				CBA20E82F78EF9D07CF75C8B /* GLView.cpp */,
				118FCBAABA162BA17933C789 /* main.cpp */,
				ACA53F118B5395D3F4062CF9 /* RCube.cpp */,
				94CFD35C56811D3A4D1CB46C /* SceneStateData.cpp */,
				37BDF74E66D266882D0E97E6 /* includes */,
			);
			name = Sources;
			sourceTree = "<Group>";
		};
/* End PBXGroup section */

/* Begin PBXNativeTarget section */
		F87946E0BF9C4BE0243B3531 /* graphics */ = {
			isa = PBXNativeTarget;
			buildConfigurationList = 17B3380A4D6A7D415E7F2E1E /* Build configuration list for PBXNativeTarget "graphics" */;
			buildPhases = (
				D7BA7D76DAB5DD13389D6332 /* Qt Qmake */,
				A0A52A2ADF7A1E2A99738674 /* Qt Preprocessors */,
				C29B8785722055ED95EF7B57 /* Build Sources */,
				2A1043669E6E5A7426EA502A /* Frameworks & Libraries */,
				3787F99312C85FF0073FD7BA /* Bundle Resources */,
				F6069D5A5DA8AA28EDB8B3C6 /* Project Copy */,
			);
			buildRules = (
			);
			dependencies = (
			);
			name = graphics;
			productInstallPath = ../../../bin/;
			productName = graphics;
			productReference = 7631CA2B1AC4600D003FD034 /* graphics.app */;
			productType = "com.apple.product-type.application";
		};
/* End PBXNativeTarget section */

/* Begin PBXProject section */
		91B15E841AA80083484172DE /* Project object */ = {
			isa = PBXProject;
			attributes = {
			};
			buildConfigurationList = CC82A9286117DFED018F418F /* Build configuration list for PBXProject "graphics" */;
			compatibilityVersion = "Xcode 2.4";
			developmentRegion = English;
			hasScannedForEncodings = 1;
			knownRegions = (
				en,
			);
			mainGroup = 05596AB53D8D521C69802C27 /* graphics */;
			productRefGroup = 7631CA2C1AC4600D003FD034 /* Products */;
			projectDirPath = "";
			projectRoot = "";
			targets = (
				F87946E0BF9C4BE0243B3531 /* graphics */,
			);
		};
/* End PBXProject section */

/* Begin PBXResourcesBuildPhase section */
		3787F99312C85FF0073FD7BA /* Bundle Resources */ = {
			isa = PBXResourcesBuildPhase;
			buildActionMask = 2147483647;
			files = (
			);
			name = "Bundle Resources";
			runOnlyForDeploymentPostprocessing = 0;
		};
/* End PBXResourcesBuildPhase section */

/* Begin PBXShellScriptBuildPhase section */
		A0A52A2ADF7A1E2A99738674 /* Qt Preprocessors */ = {
			isa = PBXShellScriptBuildPhase;
			buildActionMask = 2147483647;
			files = (
			);
			name = "Qt Preprocessors";
			runOnlyForDeploymentPostprocessing = 0;
			shellPath = /bin/sh;
			shellScript = "make -C /Users/rohanraja/Dropbox/OpenSoft2015/3dgraph/qt3dLib/src/plotter3d/graphics -f 'graphics.xcodeproj/qt_preprocess.mak'";
		};
		D7BA7D76DAB5DD13389D6332 /* Qt Qmake */ = {
			isa = PBXShellScriptBuildPhase;
			buildActionMask = 2147483647;
			files = (
			);
			name = "Qt Qmake";
			runOnlyForDeploymentPostprocessing = 0;
			shellPath = /bin/sh;
			shellScript = "make -C /Users/rohanraja/Dropbox/OpenSoft2015/3dgraph/qt3dLib/src/plotter3d/graphics -f 'graphics.xcodeproj/qt_makeqmake.mak'";
		};
		F6069D5A5DA8AA28EDB8B3C6 /* Project Copy */ = {
			isa = PBXShellScriptBuildPhase;
			buildActionMask = 2147483647;
			files = (
			);
			inputPaths = (
			);
			name = "Project Copy";
			outputPaths = (
			);
			runOnlyForDeploymentPostprocessing = 0;
			shellPath = /bin/sh;
			shellScript = "cp -r $BUILT_PRODUCTS_DIR/$FULL_PRODUCT_NAME /Users/rohanraja/Dropbox/OpenSoft2015/3dgraph/qt3dLib/bin";
		};
/* End PBXShellScriptBuildPhase section */

/* Begin PBXSourcesBuildPhase section */
		C29B8785722055ED95EF7B57 /* Build Sources */ = {
			isa = PBXSourcesBuildPhase;
			buildActionMask = 2147483647;
			files = (
				1867702FF71D9E18856D009C /* GLView.cpp in Build Sources */,
				2B093CA6F071B023A473CED0 /* main.cpp in Build Sources */,
				B62C56EB1F0B5244D5B4E1C4 /* RCube.cpp in Build Sources */,
				9BB9D2D7D50084E92988BE1F /* SceneStateData.cpp in Build Sources */,
				3B301CA77829558C8FE1C6A6 /* CanvasDataGenerator.cpp in Build Sources */,
				B7576E2D0781218284B1FC13 /* CanvasState.cpp in Build Sources */,
				F834BF8BB22E614B25C89C25 /* CanvasStateData.cpp in Build Sources */,
				6601B11B1FDEADE9E1E3650F /* CanvasText.cpp in Build Sources */,
				EC670083F0F6491A3A4D9A5E /* FunctionInputWindow.cpp in Build Sources */,
				07E1339079EA0D1AFEB3E3F9 /* Line.cpp in Build Sources */,
				055664F573061E78B242E915 /* MainCanvas.cpp in Build Sources */,
				5F1D39EE7D0438A3472334EF /* MathFunction.cpp in Build Sources */,
				6CFC22A5FD7C3C028A914C46 /* Point.cpp in Build Sources */,
				433EE5AE59170E8350348379 /* Range.cpp in Build Sources */,
				3FAC58BB5661D7132640F570 /* widget.cpp in Build Sources */,
				3C670E9AC462367C91A0B4B7 /* window.cpp in Build Sources */,
				57D003F469FE476B8551BD15 /* error.cpp in Build Sources */,
				D22CA9E7C0CC338EFB89EF95 /* functions.cpp in Build Sources */,
				51C7021D1322EA73A14F2E57 /* parser.cpp in Build Sources */,
				0F79967F5FB18453F27AF6BF /* variablelist.cpp in Build Sources */,
				4526E22D039D66391C3B45AE /* moc_GLView.cpp in Build Sources */,
				7569EE970450143D72B06EEF /* moc_CanvasState.cpp in Build Sources */,
				D2ACB67A4E2905FEA6F1B257 /* moc_FunctionInputWindow.cpp in Build Sources */,
				EE433C6E873A077601F75D8F /* moc_widget.cpp in Build Sources */,
				7631CA2F1AC540A9003FD034 /* GridPlaneGenerator.cpp in Build Sources */,
				A8726DBAB1708155C13A0A2A /* moc_window.cpp in Build Sources */,
			);
			name = "Build Sources";
			runOnlyForDeploymentPostprocessing = 0;
		};
/* End PBXSourcesBuildPhase section */

/* Begin XCBuildConfiguration section */
		4B72B24813252891014BCF61 /* Debug */ = {
			isa = XCBuildConfiguration;
			buildSettings = {
				ARCHS = x86_64;
				COPY_PHASE_STRIP = NO;
				FRAMEWORK_SEARCH_PATHS = (
					/usr/local/Cellar/qt/4.8.6/lib,
					/usr/local/Cellar/qt/4.8.6/lib,
					/usr/local/Cellar/qt/4.8.6/lib,
				);
				GCC_GENERATE_DEBUGGING_SYMBOLS = YES;
				GCC_OPTIMIZATION_LEVEL = 0;
				HEADER_SEARCH_PATHS = (
					/usr/local/Cellar/qt/4.8.6/lib/QtCore.framework/Versions/4/Headers,
					/usr/local/Cellar/qt/4.8.6/lib/QtCore.framework/Versions/4/Headers,
					/usr/local/Cellar/qt/4.8.6/lib/QtNetwork.framework/Versions/4/Headers,
					/usr/local/Cellar/qt/4.8.6/lib/QtNetwork.framework/Versions/4/Headers,
					/usr/local/Cellar/qt/4.8.6/lib/QtGui.framework/Versions/4/Headers,
					/usr/local/Cellar/qt/4.8.6/lib/QtGui.framework/Versions/4/Headers,
					/usr/local/Cellar/qt/4.8.6/lib/QtOpenGL.framework/Versions/4/Headers,
					/usr/local/Cellar/qt/4.8.6/lib/QtOpenGL.framework/Versions/4/Headers,
					/usr/local/Cellar/qt/4.8.6/include,
					.,
					includes,
					includes/expparser,
					/usr/local/Cellar/qt/4.8.6/lib/Qt3D.framework/Versions/1/Headers,
					/usr/local/Cellar/qt/4.8.6/include/Qt3D,
					/System/Library/Frameworks/OpenGL.framework/Versions/A/Headers,
					/System/Library/Frameworks/AGL.framework/Headers,
					.,
					.,
					/usr/local/include,
					/System/Library/Frameworks/CarbonCore.framework/Headers,
					"/usr/local/Cellar/qt/4.8.6/mkspecs/macx-xcode",
				);
				INFOPLIST_FILE = Info.plist;
				LIBRARY_SEARCH_PATHS = (
					/usr/local/Cellar/qt/4.8.6/lib,
					/usr/local/Cellar/qt/4.8.6/lib,
					/System/Library/Frameworks/,
				);
				OTHER_CFLAGS = (
					"-pipe",
					"-O2",
					"-Wall",
					"-W",
					"-DQT_NO_DEBUG",
					"-DQT_OPENGL_LIB",
					"-DQT_GUI_LIB",
					"-DQT_NETWORK_LIB",
					"-DQT_CORE_LIB",
					"-DQT_SHARED",
				);
				OTHER_CPLUSPLUSFLAGS = (
					"-pipe",
					"-O2",
					"-FQt3D",
					"-Wall",
					"-W",
					"-DQT_NO_DEBUG",
					"-DQT_OPENGL_LIB",
					"-DQT_GUI_LIB",
					"-DQT_NETWORK_LIB",
					"-DQT_CORE_LIB",
					"-DQT_SHARED",
				);
				OTHER_LDFLAGS = (
					"-headerpad_max_install_names",
					"-L/usr/local/Cellar/qt/4.8.6/lib",
					"-F/usr/local/Cellar/qt/4.8.6/lib",
					"-L/usr/local/Cellar/qt/4.8.6/lib",
					"-F/usr/local/Cellar/qt/4.8.6/lib",
				);
				PRODUCT_NAME = graphics;
			};
			name = Debug;
		};
		8C7174830A1E4DCBA0332EC1 /* Release */ = {
			isa = XCBuildConfiguration;
			buildSettings = {
				COPY_PHASE_STRIP = YES;
				GCC_GENERATE_DEBUGGING_SYMBOLS = NO;
				PRODUCT_NAME = graphics;
			};
			name = Release;
		};
		BEC09A62E69C3553534FF35E /* Debug */ = {
			isa = XCBuildConfiguration;
			buildSettings = {
				COPY_PHASE_STRIP = NO;
				GCC_GENERATE_DEBUGGING_SYMBOLS = YES;
				GCC_OPTIMIZATION_LEVEL = 0;
				PRODUCT_NAME = graphics;
			};
			name = Debug;
		};
		D70590BEB531B51029F711BB /* Release */ = {
			isa = XCBuildConfiguration;
			buildSettings = {
				ARCHS = x86_64;
				COPY_PHASE_STRIP = YES;
				FRAMEWORK_SEARCH_PATHS = (
					/usr/local/Cellar/qt/4.8.6/lib,
					/usr/local/Cellar/qt/4.8.6/lib,
					/usr/local/Cellar/qt/4.8.6/lib,
				);
				GCC_GENERATE_DEBUGGING_SYMBOLS = NO;
				HEADER_SEARCH_PATHS = (
					/usr/local/Cellar/qt/4.8.6/lib/QtCore.framework/Versions/4/Headers,
					/usr/local/Cellar/qt/4.8.6/lib/QtCore.framework/Versions/4/Headers,
					/usr/local/Cellar/qt/4.8.6/lib/QtNetwork.framework/Versions/4/Headers,
					/usr/local/Cellar/qt/4.8.6/lib/QtNetwork.framework/Versions/4/Headers,
					/usr/local/Cellar/qt/4.8.6/lib/QtGui.framework/Versions/4/Headers,
					/usr/local/Cellar/qt/4.8.6/lib/QtGui.framework/Versions/4/Headers,
					/usr/local/Cellar/qt/4.8.6/lib/QtOpenGL.framework/Versions/4/Headers,
					/usr/local/Cellar/qt/4.8.6/lib/QtOpenGL.framework/Versions/4/Headers,
					/usr/local/Cellar/qt/4.8.6/include,
					.,
					includes,
					includes/expparser,
					/usr/local/Cellar/qt/4.8.6/lib/Qt3D.framework/Versions/1/Headers,
					/usr/local/Cellar/qt/4.8.6/include/Qt3D,
					/System/Library/Frameworks/OpenGL.framework/Versions/A/Headers,
					/System/Library/Frameworks/AGL.framework/Headers,
					.,
					.,
					/usr/local/include,
					/System/Library/Frameworks/CarbonCore.framework/Headers,
					"/usr/local/Cellar/qt/4.8.6/mkspecs/macx-xcode",
				);
				INFOPLIST_FILE = Info.plist;
				LIBRARY_SEARCH_PATHS = (
					/usr/local/Cellar/qt/4.8.6/lib,
					/usr/local/Cellar/qt/4.8.6/lib,
					/System/Library/Frameworks/,
				);
				OTHER_CFLAGS = (
					"-pipe",
					"-O2",
					"-Wall",
					"-W",
					"-DQT_NO_DEBUG",
					"-DQT_OPENGL_LIB",
					"-DQT_GUI_LIB",
					"-DQT_NETWORK_LIB",
					"-DQT_CORE_LIB",
					"-DQT_SHARED",
				);
				OTHER_CPLUSPLUSFLAGS = (
					"-pipe",
					"-O2",
					"-FQt3D",
					"-Wall",
					"-W",
					"-DQT_NO_DEBUG",
					"-DQT_OPENGL_LIB",
					"-DQT_GUI_LIB",
					"-DQT_NETWORK_LIB",
					"-DQT_CORE_LIB",
					"-DQT_SHARED",
				);
				OTHER_LDFLAGS = (
					"-headerpad_max_install_names",
					"-L/usr/local/Cellar/qt/4.8.6/lib",
					"-F/usr/local/Cellar/qt/4.8.6/lib",
					"-L/usr/local/Cellar/qt/4.8.6/lib",
					"-F/usr/local/Cellar/qt/4.8.6/lib",
				);
				PRODUCT_NAME = graphics;
			};
			name = Release;
		};
/* End XCBuildConfiguration section */

/* Begin XCConfigurationList section */
		17B3380A4D6A7D415E7F2E1E /* Build configuration list for PBXNativeTarget "graphics" */ = {
			isa = XCConfigurationList;
			buildConfigurations = (
				BEC09A62E69C3553534FF35E /* Debug */,
				8C7174830A1E4DCBA0332EC1 /* Release */,
			);
			defaultConfigurationIsVisible = 0;
			defaultConfigurationName = Release;
		};
		CC82A9286117DFED018F418F /* Build configuration list for PBXProject "graphics" */ = {
			isa = XCConfigurationList;
			buildConfigurations = (
				4B72B24813252891014BCF61 /* Debug */,
				D70590BEB531B51029F711BB /* Release */,
			);
			defaultConfigurationIsVisible = 0;
			defaultConfigurationName = Release;
		};
/* End XCConfigurationList section */
	};
	rootObject = 91B15E841AA80083484172DE /* Project object */;
}
